// !$*UTF8*$!
{
	archiveVersion = 1;
	classes = {
	};
	objectVersion = 48;
	objects = {

/* Begin PBXBuildFile section */
		EEF5B0D71FB53B530041E373 /* AppDelegate.swift in Sources */ = {isa = PBXBuildFile; fileRef = EEF5B0D61FB53B530041E373 /* AppDelegate.swift */; };
		EEF5B0D91FB53B540041E373 /* art.scnassets in Resources */ = {isa = PBXBuildFile; fileRef = EEF5B0D81FB53B540041E373 /* art.scnassets */; };
		EEF5B0DB1FB53B540041E373 /* ViewController.swift in Sources */ = {isa = PBXBuildFile; fileRef = EEF5B0DA1FB53B540041E373 /* ViewController.swift */; };
		EEF5B0DE1FB53B540041E373 /* Main.storyboard in Resources */ = {isa = PBXBuildFile; fileRef = EEF5B0DC1FB53B540041E373 /* Main.storyboard */; };
		EEF5B0E01FB53B540041E373 /* Assets.xcassets in Resources */ = {isa = PBXBuildFile; fileRef = EEF5B0DF1FB53B540041E373 /* Assets.xcassets */; };
		EEF5B0E31FB53B540041E373 /* LaunchScreen.storyboard in Resources */ = {isa = PBXBuildFile; fileRef = EEF5B0E11FB53B540041E373 /* LaunchScreen.storyboard */; };
/* End PBXBuildFile section */

/* Begin PBXFileReference section */
		EEF5B0D31FB53B530041E373 /* RampUp.app */ = {isa = PBXFileReference; explicitFileType = wrapper.application; includeInIndex = 0; path = RampUp.app; sourceTree = BUILT_PRODUCTS_DIR; };
		EEF5B0D61FB53B530041E373 /* AppDelegate.swift */ = {isa = PBXFileReference; lastKnownFileType = sourcecode.swift; path = AppDelegate.swift; sourceTree = "<group>"; };
		EEF5B0D81FB53B540041E373 /* art.scnassets */ = {isa = PBXFileReference; lastKnownFileType = wrapper.scnassets; path = art.scnassets; sourceTree = "<group>"; };
		EEF5B0DA1FB53B540041E373 /* ViewController.swift */ = {isa = PBXFileReference; lastKnownFileType = sourcecode.swift; path = ViewController.swift; sourceTree = "<group>"; };
		EEF5B0DD1FB53B540041E373 /* Base */ = {isa = PBXFileReference; lastKnownFileType = file.storyboard; name = Base; path = Base.lproj/Main.storyboard; sourceTree = "<group>"; };
		EEF5B0DF1FB53B540041E373 /* Assets.xcassets */ = {isa = PBXFileReference; lastKnownFileType = folder.assetcatalog; path = Assets.xcassets; sourceTree = "<group>"; };
		EEF5B0E21FB53B540041E373 /* Base */ = {isa = PBXFileReference; lastKnownFileType = file.storyboard; name = Base; path = Base.lproj/LaunchScreen.storyboard; sourceTree = "<group>"; };
		EEF5B0E41FB53B540041E373 /* Info.plist */ = {isa = PBXFileReference; lastKnownFileType = text.plist.xml; path = Info.plist; sourceTree = "<group>"; };
/* End PBXFileReference section */

/* Begin PBXFrameworksBuildPhase section */
		EEF5B0D01FB53B530041E373 /* Frameworks */ = {
			isa = PBXFrameworksBuildPhase;
			buildActionMask = 2147483647;
			files = (
			);
			runOnlyForDeploymentPostprocessing = 0;
		};
/* End PBXFrameworksBuildPhase section */

/* Begin PBXGroup section */
		EEF5B0CA1FB53B530041E373 = {
			isa = PBXGroup;
			children = (
				EEF5B0D51FB53B530041E373 /* RampUp */,
				EEF5B0D41FB53B530041E373 /* Products */,
			);
			sourceTree = "<group>";
		};
		EEF5B0D41FB53B530041E373 /* Products */ = {
			isa = PBXGroup;
			children = (
				EEF5B0D31FB53B530041E373 /* RampUp.app */,
			);
			name = Products;
			sourceTree = "<group>";
		};
		EEF5B0D51FB53B530041E373 /* RampUp */ = {
			isa = PBXGroup;
			children = (
				EEF5B0D61FB53B530041E373 /* AppDelegate.swift */,
				EEF5B0D81FB53B540041E373 /* art.scnassets */,
				EEF5B0DA1FB53B540041E373 /* ViewController.swift */,
				EEF5B0DC1FB53B540041E373 /* Main.storyboard */,
				EEF5B0DF1FB53B540041E373 /* Assets.xcassets */,
				EEF5B0E11FB53B540041E373 /* LaunchScreen.storyboard */,
				EEF5B0E41FB53B540041E373 /* Info.plist */,
			);
			path = RampUp;
			sourceTree = "<group>";
		};
/* End PBXGroup section */

/* Begin PBXNativeTarget section */
		EEF5B0D21FB53B530041E373 /* RampUp */ = {
			isa = PBXNativeTarget;
			buildConfigurationList = EEF5B0E71FB53B540041E373 /* Build configuration list for PBXNativeTarget "RampUp" */;
			buildPhases = (
				EEF5B0CF1FB53B530041E373 /* Sources */,
				EEF5B0D01FB53B530041E373 /* Frameworks */,
				EEF5B0D11FB53B530041E373 /* Resources */,
			);
			buildRules = (
			);
			dependencies = (
			);
			name = RampUp;
			productName = RampUp;
			productReference = EEF5B0D31FB53B530041E373 /* RampUp.app */;
			productType = "com.apple.product-type.application";
		};
/* End PBXNativeTarget section */

/* Begin PBXProject section */
		EEF5B0CB1FB53B530041E373 /* Project object */ = {
			isa = PBXProject;
			attributes = {
				LastSwiftUpdateCheck = 0910;
				LastUpgradeCheck = 0910;
				ORGANIZATIONNAME = "Matthew Tripodi";
				TargetAttributes = {
					EEF5B0D21FB53B530041E373 = {
						CreatedOnToolsVersion = 9.1;
						ProvisioningStyle = Automatic;
					};
				};
			};
			buildConfigurationList = EEF5B0CE1FB53B530041E373 /* Build configuration list for PBXProject "RampUp" */;
			compatibilityVersion = "Xcode 8.0";
			developmentRegion = en;
			hasScannedForEncodings = 0;
			knownRegions = (
				en,
				Base,
			);
			mainGroup = EEF5B0CA1FB53B530041E373;
			productRefGroup = EEF5B0D41FB53B530041E373 /* Products */;
			projectDirPath = "";
			projectRoot = "";
			targets = (
				EEF5B0D21FB53B530041E373 /* RampUp */,
			);
		};
/* End PBXProject section */

/* Begin PBXResourcesBuildPhase section */
		EEF5B0D11FB53B530041E373 /* Resources */ = {
			isa = PBXResourcesBuildPhase;
			buildActionMask = 2147483647;
			files = (
				EEF5B0D91FB53B540041E373 /* art.scnassets in Resources */,
				EEF5B0E31FB53B540041E373 /* LaunchScreen.storyboard in Resources */,
				EEF5B0E01FB53B540041E373 /* Assets.xcassets in Resources */,
				EEF5B0DE1FB53B540041E373 /* Main.storyboard in Resources */,
			);
			runOnlyForDeploymentPostprocessing = 0;
		};
/* End PBXResourcesBuildPhase section */

/* Begin PBXSourcesBuildPhase section */
		EEF5B0CF1FB53B530041E373 /* Sources */ = {
			isa = PBXSourcesBuildPhase;
			buildActionMask = 2147483647;
			files = (
				EEF5B0DB1FB53B540041E373 /* ViewController.swift in Sources */,
				EEF5B0D71FB53B530041E373 /* AppDelegate.swift in Sources */,
			);
			runOnlyForDeploymentPostprocessing = 0;
		};
/* End PBXSourcesBuildPhase section */

/* Begin PBXVariantGroup section */
		EEF5B0DC1FB53B540041E373 /* Main.storyboard */ = {
			isa = PBXVariantGroup;
			children = (
				EEF5B0DD1FB53B540041E373 /* Base */,
			);
			name = Main.storyboard;
			sourceTree = "<group>";
		};
		EEF5B0E11FB53B540041E373 /* LaunchScreen.storyboard */ = {
			isa = PBXVariantGroup;
			children = (
				EEF5B0E21FB53B540041E373 /* Base */,
			);
			name = LaunchScreen.storyboard;
			sourceTree = "<group>";
		};
/* End PBXVariantGroup section */

/* Begin XCBuildConfiguration section */
		EEF5B0E51FB53B540041E373 /* Debug */ = {
			isa = XCBuildConfiguration;
			buildSettings = {
				ALWAYS_SEARCH_USER_PATHS = NO;
				CLANG_ANALYZER_NONNULL = YES;
				CLANG_ANALYZER_NUMBER_OBJECT_CONVERSION = YES_AGGRESSIVE;
				CLANG_CXX_LANGUAGE_STANDARD = "gnu++14";
				CLANG_CXX_LIBRARY = "libc++";
				CLANG_ENABLE_MODULES = YES;
				CLANG_ENABLE_OBJC_ARC = YES;
				CLANG_WARN_BLOCK_CAPTURE_AUTORELEASING = YES;
				CLANG_WARN_BOOL_CONVERSION = YES;
				CLANG_WARN_COMMA = YES;
				CLANG_WARN_CONSTANT_CONVERSION = YES;
				CLANG_WARN_DIRECT_OBJC_ISA_USAGE = YES_ERROR;
				CLANG_WARN_DOCUMENTATION_COMMENTS = YES;
				CLANG_WARN_EMPTY_BODY = YES;
				CLANG_WARN_ENUM_CONVERSION = YES;
				CLANG_WARN_INFINITE_RECURSION = YES;
				CLANG_WARN_INT_CONVERSION = YES;
				CLANG_WARN_NON_LITERAL_NULL_CONVERSION = YES;
				CLANG_WARN_OBJC_LITERAL_CONVERSION = YES;
				CLANG_WARN_OBJC_ROOT_CLASS = YES_ERROR;
				CLANG_WARN_RANGE_LOOP_ANALYSIS = YES;
				CLANG_WARN_STRICT_PROTOTYPES = YES;
				CLANG_WARN_SUSPICIOUS_MOVE = YES;
				CLANG_WARN_UNGUARDED_AVAILABILITY = YES_AGGRESSIVE;
				CLANG_WARN_UNREACHABLE_CODE = YES;
				CLANG_WARN__DUPLICATE_METHOD_MATCH = YES;
				CODE_SIGN_IDENTITY = "iPhone Developer";
				COPY_PHASE_STRIP = NO;
				DEBUG_INFORMATION_FORMAT = dwarf;
				ENABLE_STRICT_OBJC_MSGSEND = YES;
				ENABLE_TESTABILITY = YES;
				GCC_C_LANGUAGE_STANDARD = gnu11;
				GCC_DYNAMIC_NO_PIC = NO;
				GCC_NO_COMMON_BLOCKS = YES;
				GCC_OPTIMIZATION_LEVEL = 0;
				GCC_PREPROCESSOR_DEFINITIONS = (
					"DEBUG=1",
					"$(inherited)",
				);
				GCC_WARN_64_TO_32_BIT_CONVERSION = YES;
				GCC_WARN_ABOUT_RETURN_TYPE = YES_ERROR;
				GCC_WARN_UNDECLARED_SELECTOR = YES;
				GCC_WARN_UNINITIALIZED_AUTOS = YES_AGGRESSIVE;
				GCC_WARN_UNUSED_FUNCTION = YES;
				GCC_WARN_UNUSED_VARIABLE = YES;
				IPHONEOS_DEPLOYMENT_TARGET = 11.1;
				MTL_ENABLE_DEBUG_INFO = YES;
				ONLY_ACTIVE_ARCH = YES;
				SDKROOT = iphoneos;
				SWIFT_ACTIVE_COMPILATION_CONDITIONS = DEBUG;
				SWIFT_OPTIMIZATION_LEVEL = "-Onone";
			};
			name = Debug;
		};
		EEF5B0E61FB53B540041E373 /* Release */ = {
			isa = XCBuildConfiguration;
			buildSettings = {
				ALWAYS_SEARCH_USER_PATHS = NO;
				CLANG_ANALYZER_NONNULL = YES;
				CLANG_ANALYZER_NUMBER_OBJECT_CONVERSION = YES_AGGRESSIVE;
				CLANG_CXX_LANGUAGE_STANDARD = "gnu++14";
				CLANG_CXX_LIBRARY = "libc++";
				CLANG_ENABLE_MODULES = YES;
				CLANG_ENABLE_OBJC_ARC = YES;
				CLANG_WARN_BLOCK_CAPTURE_AUTORELEASING = YES;
				CLANG_WARN_BOOL_CONVERSION = YES;
				CLANG_WARN_COMMA = YES;
				CLANG_WARN_CONSTANT_CONVERSION = YES;
				CLANG_WARN_DIRECT_OBJC_ISA_USAGE = YES_ERROR;
				CLANG_WARN_DOCUMENTATION_COMMENTS = YES;
				CLANG_WARN_EMPTY_BODY = YES;
				CLANG_WARN_ENUM_CONVERSION = YES;
				CLANG_WARN_INFINITE_RECURSION = YES;
				CLANG_WARN_INT_CONVERSION = YES;
				CLANG_WARN_NON_LITERAL_NULL_CONVERSION = YES;
				CLANG_WARN_OBJC_LITERAL_CONVERSION = YES;
				CLANG_WARN_OBJC_ROOT_CLASS = YES_ERROR;
				CLANG_WARN_RANGE_LOOP_ANALYSIS = YES;
				CLANG_WARN_STRICT_PROTOTYPES = YES;
				CLANG_WARN_SUSPICIOUS_MOVE = YES;
				CLANG_WARN_UNGUARDED_AVAILABILITY = YES_AGGRESSIVE;
				CLANG_WARN_UNREACHABLE_CODE = YES;
				CLANG_WARN__DUPLICATE_METHOD_MATCH = YES;
				CODE_SIGN_IDENTITY = "iPhone Developer";
				COPY_PHASE_STRIP = NO;
				DEBUG_INFORMATION_FORMAT = "dwarf-with-dsym";
				ENABLE_NS_ASSERTIONS = NO;
				ENABLE_STRICT_OBJC_MSGSEND = YES;
				GCC_C_LANGUAGE_STANDARD = gnu11;
				GCC_NO_COMMON_BLOCKS = YES;
				GCC_WARN_64_TO_32_BIT_CONVERSION = YES;
				GCC_WARN_ABOUT_RETURN_TYPE = YES_ERROR;
				GCC_WARN_UNDECLARED_SELECTOR = YES;
				GCC_WARN_UNINITIALIZED_AUTOS = YES_AGGRESSIVE;
				GCC_WARN_UNUSED_FUNCTION = YES;
				GCC_WARN_UNUSED_VARIABLE = YES;
				IPHONEOS_DEPLOYMENT_TARGET = 11.1;
				MTL_ENABLE_DEBUG_INFO = NO;
				SDKROOT = iphoneos;
				SWIFT_OPTIMIZATION_LEVEL = "-Owholemodule";
				VALIDATE_PRODUCT = YES;
			};
			name = Release;
		};
		EEF5B0E81FB53B540041E373 /* Debug */ = {
			isa = XCBuildConfiguration;
			buildSettings = {
				ASSETCATALOG_COMPILER_APPICON_NAME = AppIcon;
				CODE_SIGN_STYLE = Automatic;
				DEVELOPMENT_TEAM = J5P95JSAVD;
				INFOPLIST_FILE = RampUp/Info.plist;
				LD_RUNPATH_SEARCH_PATHS = "$(inherited) @executable_path/Frameworks";
				PRODUCT_BUNDLE_IDENTIFIER = com.matthewtripodi.RampUp;
				PRODUCT_NAME = "$(TARGET_NAME)";
				SWIFT_VERSION = 4.0;
				TARGETED_DEVICE_FAMILY = "1,2";
			};
			name = Debug;
		};
		EEF5B0E91FB53B540041E373 /* Release */ = {
			isa = XCBuildConfiguration;
			buildSettings = {
				ASSETCATALOG_COMPILER_APPICON_NAME = AppIcon;
				CODE_SIGN_STYLE = Automatic;
				DEVELOPMENT_TEAM = J5P95JSAVD;
				INFOPLIST_FILE = RampUp/Info.plist;
				LD_RUNPATH_SEARCH_PATHS = "$(inherited) @executable_path/Frameworks";
				PRODUCT_BUNDLE_IDENTIFIER = com.matthewtripodi.RampUp;
				PRODUCT_NAME = "$(TARGET_NAME)";
				SWIFT_VERSION = 4.0;
				TARGETED_DEVICE_FAMILY = "1,2";
			};
			name = Release;
		};
/* End XCBuildConfiguration section */

/* Begin XCConfigurationList section */
		EEF5B0CE1FB53B530041E373 /* Build configuration list for PBXProject "RampUp" */ = {
			isa = XCConfigurationList;
			buildConfigurations = (
				EEF5B0E51FB53B540041E373 /* Debug */,
				EEF5B0E61FB53B540041E373 /* Release */,
			);
			defaultConfigurationIsVisible = 0;
			defaultConfigurationName = Release;
		};
		EEF5B0E71FB53B540041E373 /* Build configuration list for PBXNativeTarget "RampUp" */ = {
			isa = XCConfigurationList;
			buildConfigurations = (
				EEF5B0E81FB53B540041E373 /* Debug */,
				EEF5B0E91FB53B540041E373 /* Release */,
			);
			defaultConfigurationIsVisible = 0;
			defaultConfigurationName = Release;
		};
/* End XCConfigurationList section */
	};
	rootObject = EEF5B0CB1FB53B530041E373 /* Project object */;
}
